
Microsoft Visual Studio Solution File, Format Version 12.00
# Visual Studio Version 16
VisualStudioVersion = 16.0.30204.135
MinimumVisualStudioVersion = 10.0.40219.1
Project("{FAE04EC0-301F-11D3-BF4B-00C04F79EFBC}") = "MovieList", "MovieList.csproj", "{EF162362-8263-4106-9587-0DADCFABA017}"
EndProject
Project("{FAE04EC0-301F-11D3-BF4B-00C04F79EFBC}") = "MovieStructure", "..\MovieStructure\MovieStructure.csproj", "{0C7E16C4-C446-49AA-9472-6CE675121441}"
EndProject
Project("{FAE04EC0-301F-11D3-BF4B-00C04F79EFBC}") = "MovieAccess", "..\MovieAccess\MovieAccess.csproj", "{22DC2740-3345-4930-9070-429F623DA3A4}"
EndProject
Global
	GlobalSection(SolutionConfigurationPlatforms) = preSolution
		Debug|Any CPU = Debug|Any CPU
		Release|Any CPU = Release|Any CPU
	EndGlobalSection
	GlobalSection(ProjectConfigurationPlatforms) = postSolution
		{EF162362-8263-4106-9587-0DADCFABA017}.Debug|Any CPU.ActiveCfg = Debug|Any CPU
		{EF162362-8263-4106-9587-0DADCFABA017}.Debug|Any CPU.Build.0 = Debug|Any CPU
		{EF162362-8263-4106-9587-0DADCFABA017}.Release|Any CPU.ActiveCfg = Release|Any CPU
		{EF162362-8263-4106-9587-0DADCFABA017}.Release|Any CPU.Build.0 = Release|Any CPU
		{0C7E16C4-C446-49AA-9472-6CE675121441}.Debug|Any CPU.ActiveCfg = Debug|Any CPU
		{0C7E16C4-C446-49AA-9472-6CE675121441}.Debug|Any CPU.Build.0 = Debug|Any CPU
		{0C7E16C4-C446-49AA-9472-6CE675121441}.Release|Any CPU.ActiveCfg = Release|Any CPU
		{0C7E16C4-C446-49AA-9472-6CE675121441}.Release|Any CPU.Build.0 = Release|Any CPU
		{22DC2740-3345-4930-9070-429F623DA3A4}.Debug|Any CPU.ActiveCfg = Debug|Any CPU
		{22DC2740-3345-4930-9070-429F623DA3A4}.Debug|Any CPU.Build.0 = Debug|Any CPU
		{22DC2740-3345-4930-9070-429F623DA3A4}.Release|Any CPU.ActiveCfg = Release|Any CPU
		{22DC2740-3345-4930-9070-429F623DA3A4}.Release|Any CPU.Build.0 = Release|Any CPU
	EndGlobalSection
	GlobalSection(SolutionProperties) = preSolution
		HideSolutionNode = FALSE
	EndGlobalSection
	GlobalSection(ExtensibilityGlobals) = postSolution
		SolutionGuid = {8C142508-3F0A-46E6-B3E7-DF238B1ED33F}
	EndGlobalSection
EndGlobal
